
Microsoft Visual Studio Solution File, Format Version 12.00
# Visual Studio Version 17
VisualStudioVersion = 17.5.33516.290
MinimumVisualStudioVersion = 10.0.40219.1
Project("{FAE04EC0-301F-11D3-BF4B-00C04F79EFBC}") = "haftaBesOdev", "haftaBesOdev\haftaBesOdev.csproj", "{F2169519-6A53-46D9-8B76-A5DDFB4D5AE1}"
EndProject
Global
	GlobalSection(SolutionConfigurationPlatforms) = preSolution
		Debug|Any CPU = Debug|Any CPU
		Release|Any CPU = Release|Any CPU
	EndGlobalSection
	GlobalSection(ProjectConfigurationPlatforms) = postSolution
		{F2169519-6A53-46D9-8B76-A5DDFB4D5AE1}.Debug|Any CPU.ActiveCfg = Debug|Any CPU
		{F2169519-6A53-46D9-8B76-A5DDFB4D5AE1}.Debug|Any CPU.Build.0 = Debug|Any CPU
		{F2169519-6A53-46D9-8B76-A5DDFB4D5AE1}.Release|Any CPU.ActiveCfg = Release|Any CPU
		{F2169519-6A53-46D9-8B76-A5DDFB4D5AE1}.Release|Any CPU.Build.0 = Release|Any CPU
	EndGlobalSection
	GlobalSection(SolutionProperties) = preSolution
		HideSolutionNode = FALSE
	EndGlobalSection
	GlobalSection(ExtensibilityGlobals) = postSolution
		SolutionGuid = {F72E7919-B360-479D-BC02-5E4733992263}
	EndGlobalSection
EndGlobal
